
Microsoft Visual Studio Solution File, Format Version 12.00
# Visual Studio Version 16
VisualStudioVersion = 16.0.30413.136
MinimumVisualStudioVersion = 10.0.40219.1
Project("{FAE04EC0-301F-11D3-BF4B-00C04F79EFBC}") = "Syp.Command.Base", "Syp.Command.Base\Syp.Command.Base.csproj", "{DCCF1F33-C51D-4E2E-B991-6199C8EC487E}"
EndProject
Project("{FAE04EC0-301F-11D3-BF4B-00C04F79EFBC}") = "Syp.Command", "Syp.Command\Syp.Command.csproj", "{02F9A5A4-71E4-491B-B0A1-0DEE93BF98AC}"
EndProject
Project("{FAE04EC0-301F-11D3-BF4B-00C04F79EFBC}") = "Syp.Query", "Syp.Query\Syp.Query.csproj", "{BFA34156-8F0C-4258-A16E-C133E839DED9}"
EndProject
Project("{FAE04EC0-301F-11D3-BF4B-00C04F79EFBC}") = "Syp.Command.Handlers", "Syp.Command.Handlers\Syp.Command.Handlers.csproj", "{4CD7B7E7-1104-477F-9FF2-4632728E410B}"
EndProject
Project("{2150E333-8FDC-42A3-9474-1A3956D46DE8}") = "ExternalDlls", "ExternalDlls", "{748F0DC8-89B3-4332-BEFA-7319A0EC3799}"
	ProjectSection(SolutionItems) = preProject
		ExternalDlls\Coddie.Common.dll = ExternalDlls\Coddie.Common.dll
		ExternalDlls\Coddie.Crud.dll = ExternalDlls\Coddie.Crud.dll
		ExternalDlls\Coddie.Data.dll = ExternalDlls\Coddie.Data.dll
		ExternalDlls\SimpleInfra.Common.Extensions.dll = ExternalDlls\SimpleInfra.Common.Extensions.dll
		ExternalDlls\SimpleInfra.Data.Extensions.dll = ExternalDlls\SimpleInfra.Data.Extensions.dll
	EndProjectSection
EndProject
Project("{2150E333-8FDC-42A3-9474-1A3956D46DE8}") = "PgSqlScripts", "PgSqlScripts", "{653B9A32-6A0C-4A84-9526-568C3E4AE607}"
	ProjectSection(SolutionItems) = preProject
		PgSqlScripts\add_standart_columns.sql = PgSqlScripts\add_standart_columns.sql
		PgSqlScripts.zip = PgSqlScripts.zip
		PgSqlScripts\service create script.sql = PgSqlScripts\service create script.sql
		PgSqlScripts\service_detail create script.sql = PgSqlScripts\service_detail create script.sql
		PgSqlScripts\service_detail_type create script.sql = PgSqlScripts\service_detail_type create script.sql
		PgSqlScripts\service_user create script.sql = PgSqlScripts\service_user create script.sql
	EndProjectSection
EndProject
Project("{FAE04EC0-301F-11D3-BF4B-00C04F79EFBC}") = "Syp.Entity", "Syp.Entity\Syp.Entity.csproj", "{82F73E9E-5353-419E-8313-2810C364D703}"
EndProject
Project("{FAE04EC0-301F-11D3-BF4B-00C04F79EFBC}") = "Syp.CommandHandlers.TestApp", "Syp.CommandHandlers.TestApp\Syp.CommandHandlers.TestApp.csproj", "{D2638022-A14E-4453-BEC9-56C69DE6B792}"
EndProject
Project("{FAE04EC0-301F-11D3-BF4B-00C04F79EFBC}") = "Syp.IoC", "Syp.IoC\Syp.IoC.csproj", "{3D10CF86-60B6-4E6D-9CC4-25ECABE212E1}"
EndProject
Project("{2150E333-8FDC-42A3-9474-1A3956D46DE8}") = "Command", "Command", "{5903DBAD-275A-48B4-8E88-941195284446}"
EndProject
Project("{2150E333-8FDC-42A3-9474-1A3956D46DE8}") = "Query", "Query", "{3956E643-0593-45CD-B6C8-41BF2CEB4642}"
EndProject
Project("{FAE04EC0-301F-11D3-BF4B-00C04F79EFBC}") = "SI.Command.Core", "..\..\SI.CQRS.Repository\SI.CQRS.Sln\NetFramework\SI.Command.Core\SI.Command.Core.csproj", "{CD63CF39-40A9-493E-86A3-A07BA7F72373}"
EndProject
Project("{FAE04EC0-301F-11D3-BF4B-00C04F79EFBC}") = "SI.CommandBus", "..\..\SI.CQRS.Repository\SI.CQRS.Sln\NetFramework\SI.CommandBus\SI.CommandBus.csproj", "{0914CDF6-A20E-48B6-9807-04A38D3D6CD1}"
EndProject
Project("{FAE04EC0-301F-11D3-BF4B-00C04F79EFBC}") = "SI.CommandBus.Core", "..\..\SI.CQRS.Repository\SI.CQRS.Sln\NetFramework\SI.CommandBus.Core\SI.CommandBus.Core.csproj", "{981B8737-B77F-4629-951C-B2ADDBC4FC22}"
EndProject
Project("{FAE04EC0-301F-11D3-BF4B-00C04F79EFBC}") = "SI.CommandHandler.Base", "..\..\SI.CQRS.Repository\SI.CQRS.Sln\NetFramework\SI.CommandHandler.Base\SI.CommandHandler.Base.csproj", "{DDF9A38D-0B97-4E0B-919D-C73F4EE8EC71}"
EndProject
Project("{FAE04EC0-301F-11D3-BF4B-00C04F79EFBC}") = "SI.CommandHandler.Core", "..\..\SI.CQRS.Repository\SI.CQRS.Sln\NetFramework\SI.CommandHandler.Core\SI.CommandHandler.Core.csproj", "{FDF55860-EC99-4E22-9BEF-139CE4070145}"
EndProject
Project("{FAE04EC0-301F-11D3-BF4B-00C04F79EFBC}") = "SI.CommandHandler.Factory", "..\..\SI.CQRS.Repository\SI.CQRS.Sln\NetFramework\SI.CommandHandler.Factory\SI.CommandHandler.Factory.csproj", "{90EB3184-D168-43A2-9663-58334F4F108F}"
EndProject
Project("{FAE04EC0-301F-11D3-BF4B-00C04F79EFBC}") = "SI.Query.Core", "..\..\SI.CQRS.Repository\SI.CQRS.Sln\NetFramework\SI.Query.Core\SI.Query.Core.csproj", "{076741E2-4702-45F8-8CAF-71EC86C4F1EB}"
EndProject
Project("{FAE04EC0-301F-11D3-BF4B-00C04F79EFBC}") = "SI.QueryBus", "..\..\SI.CQRS.Repository\SI.CQRS.Sln\NetFramework\SI.QueryBus\SI.QueryBus.csproj", "{2C25BF28-565D-479F-B7D1-8566DCFD271A}"
EndProject
Project("{FAE04EC0-301F-11D3-BF4B-00C04F79EFBC}") = "SI.QueryBus.Core", "..\..\SI.CQRS.Repository\SI.CQRS.Sln\NetFramework\SI.QueryBus.Core\SI.QueryBus.Core.csproj", "{EF4AF97B-AE4B-4A1A-9E48-E02891882A44}"
EndProject
Project("{FAE04EC0-301F-11D3-BF4B-00C04F79EFBC}") = "SI.QueryHandler.Base", "..\..\SI.CQRS.Repository\SI.CQRS.Sln\NetFramework\SI.QueryHandler.Base\SI.QueryHandler.Base.csproj", "{AAEB4D4E-553A-4F7C-A91D-90507B15BFC3}"
EndProject
Project("{FAE04EC0-301F-11D3-BF4B-00C04F79EFBC}") = "SI.QueryHandler.Core", "..\..\SI.CQRS.Repository\SI.CQRS.Sln\NetFramework\SI.QueryHandler.Core\SI.QueryHandler.Core.csproj", "{0F8852BA-9BDF-4205-8F44-1BF9D8A4D39E}"
EndProject
Project("{FAE04EC0-301F-11D3-BF4B-00C04F79EFBC}") = "SI.QueryHandler.Factory", "..\..\SI.CQRS.Repository\SI.CQRS.Sln\NetFramework\SI.QueryHandler.Factory\SI.QueryHandler.Factory.csproj", "{8D4E2A6B-F2E9-4E0E-AF53-C9D89F0AC785}"
EndProject
Project("{FAE04EC0-301F-11D3-BF4B-00C04F79EFBC}") = "Syp.CommandHandlers", "Syp.CommandHandlers\Syp.CommandHandlers.csproj", "{E7CA6135-7BD7-482B-ADFF-A6109F69167E}"
EndProject
Project("{FAE04EC0-301F-11D3-BF4B-00C04F79EFBC}") = "Syp.QueryHandlers", "Syp.QueryHandlers\Syp.QueryHandlers.csproj", "{A9008BB9-0DEC-4E12-BD4F-B77D7B8628D3}"
EndProject
Global
	GlobalSection(SolutionConfigurationPlatforms) = preSolution
		Debug|Any CPU = Debug|Any CPU
		Release|Any CPU = Release|Any CPU
	EndGlobalSection
	GlobalSection(ProjectConfigurationPlatforms) = postSolution
		{DCCF1F33-C51D-4E2E-B991-6199C8EC487E}.Debug|Any CPU.ActiveCfg = Debug|Any CPU
		{DCCF1F33-C51D-4E2E-B991-6199C8EC487E}.Debug|Any CPU.Build.0 = Debug|Any CPU
		{DCCF1F33-C51D-4E2E-B991-6199C8EC487E}.Release|Any CPU.ActiveCfg = Release|Any CPU
		{DCCF1F33-C51D-4E2E-B991-6199C8EC487E}.Release|Any CPU.Build.0 = Release|Any CPU
		{02F9A5A4-71E4-491B-B0A1-0DEE93BF98AC}.Debug|Any CPU.ActiveCfg = Debug|Any CPU
		{02F9A5A4-71E4-491B-B0A1-0DEE93BF98AC}.Debug|Any CPU.Build.0 = Debug|Any CPU
		{02F9A5A4-71E4-491B-B0A1-0DEE93BF98AC}.Release|Any CPU.ActiveCfg = Release|Any CPU
		{02F9A5A4-71E4-491B-B0A1-0DEE93BF98AC}.Release|Any CPU.Build.0 = Release|Any CPU
		{BFA34156-8F0C-4258-A16E-C133E839DED9}.Debug|Any CPU.ActiveCfg = Debug|Any CPU
		{BFA34156-8F0C-4258-A16E-C133E839DED9}.Debug|Any CPU.Build.0 = Debug|Any CPU
		{BFA34156-8F0C-4258-A16E-C133E839DED9}.Release|Any CPU.ActiveCfg = Release|Any CPU
		{BFA34156-8F0C-4258-A16E-C133E839DED9}.Release|Any CPU.Build.0 = Release|Any CPU
		{4CD7B7E7-1104-477F-9FF2-4632728E410B}.Debug|Any CPU.ActiveCfg = Debug|Any CPU
		{4CD7B7E7-1104-477F-9FF2-4632728E410B}.Debug|Any CPU.Build.0 = Debug|Any CPU
		{4CD7B7E7-1104-477F-9FF2-4632728E410B}.Release|Any CPU.ActiveCfg = Release|Any CPU
		{4CD7B7E7-1104-477F-9FF2-4632728E410B}.Release|Any CPU.Build.0 = Release|Any CPU
		{82F73E9E-5353-419E-8313-2810C364D703}.Debug|Any CPU.ActiveCfg = Debug|Any CPU
		{82F73E9E-5353-419E-8313-2810C364D703}.Debug|Any CPU.Build.0 = Debug|Any CPU
		{82F73E9E-5353-419E-8313-2810C364D703}.Release|Any CPU.ActiveCfg = Release|Any CPU
		{82F73E9E-5353-419E-8313-2810C364D703}.Release|Any CPU.Build.0 = Release|Any CPU
		{D2638022-A14E-4453-BEC9-56C69DE6B792}.Debug|Any CPU.ActiveCfg = Debug|Any CPU
		{D2638022-A14E-4453-BEC9-56C69DE6B792}.Debug|Any CPU.Build.0 = Debug|Any CPU
		{D2638022-A14E-4453-BEC9-56C69DE6B792}.Release|Any CPU.ActiveCfg = Release|Any CPU
		{D2638022-A14E-4453-BEC9-56C69DE6B792}.Release|Any CPU.Build.0 = Release|Any CPU
		{3D10CF86-60B6-4E6D-9CC4-25ECABE212E1}.Debug|Any CPU.ActiveCfg = Debug|Any CPU
		{3D10CF86-60B6-4E6D-9CC4-25ECABE212E1}.Debug|Any CPU.Build.0 = Debug|Any CPU
		{3D10CF86-60B6-4E6D-9CC4-25ECABE212E1}.Release|Any CPU.ActiveCfg = Release|Any CPU
		{3D10CF86-60B6-4E6D-9CC4-25ECABE212E1}.Release|Any CPU.Build.0 = Release|Any CPU
		{CD63CF39-40A9-493E-86A3-A07BA7F72373}.Debug|Any CPU.ActiveCfg = Debug|Any CPU
		{CD63CF39-40A9-493E-86A3-A07BA7F72373}.Debug|Any CPU.Build.0 = Debug|Any CPU
		{CD63CF39-40A9-493E-86A3-A07BA7F72373}.Release|Any CPU.ActiveCfg = Release|Any CPU
		{CD63CF39-40A9-493E-86A3-A07BA7F72373}.Release|Any CPU.Build.0 = Release|Any CPU
		{0914CDF6-A20E-48B6-9807-04A38D3D6CD1}.Debug|Any CPU.ActiveCfg = Debug|Any CPU
		{0914CDF6-A20E-48B6-9807-04A38D3D6CD1}.Debug|Any CPU.Build.0 = Debug|Any CPU
		{0914CDF6-A20E-48B6-9807-04A38D3D6CD1}.Release|Any CPU.ActiveCfg = Release|Any CPU
		{0914CDF6-A20E-48B6-9807-04A38D3D6CD1}.Release|Any CPU.Build.0 = Release|Any CPU
		{981B8737-B77F-4629-951C-B2ADDBC4FC22}.Debug|Any CPU.ActiveCfg = Debug|Any CPU
		{981B8737-B77F-4629-951C-B2ADDBC4FC22}.Debug|Any CPU.Build.0 = Debug|Any CPU
		{981B8737-B77F-4629-951C-B2ADDBC4FC22}.Release|Any CPU.ActiveCfg = Release|Any CPU
		{981B8737-B77F-4629-951C-B2ADDBC4FC22}.Release|Any CPU.Build.0 = Release|Any CPU
		{DDF9A38D-0B97-4E0B-919D-C73F4EE8EC71}.Debug|Any CPU.ActiveCfg = Debug|Any CPU
		{DDF9A38D-0B97-4E0B-919D-C73F4EE8EC71}.Debug|Any CPU.Build.0 = Debug|Any CPU
		{DDF9A38D-0B97-4E0B-919D-C73F4EE8EC71}.Release|Any CPU.ActiveCfg = Release|Any CPU
		{DDF9A38D-0B97-4E0B-919D-C73F4EE8EC71}.Release|Any CPU.Build.0 = Release|Any CPU
		{FDF55860-EC99-4E22-9BEF-139CE4070145}.Debug|Any CPU.ActiveCfg = Debug|Any CPU
		{FDF55860-EC99-4E22-9BEF-139CE4070145}.Debug|Any CPU.Build.0 = Debug|Any CPU
		{FDF55860-EC99-4E22-9BEF-139CE4070145}.Release|Any CPU.ActiveCfg = Release|Any CPU
		{FDF55860-EC99-4E22-9BEF-139CE4070145}.Release|Any CPU.Build.0 = Release|Any CPU
		{90EB3184-D168-43A2-9663-58334F4F108F}.Debug|Any CPU.ActiveCfg = Debug|Any CPU
		{90EB3184-D168-43A2-9663-58334F4F108F}.Debug|Any CPU.Build.0 = Debug|Any CPU
		{90EB3184-D168-43A2-9663-58334F4F108F}.Release|Any CPU.ActiveCfg = Release|Any CPU
		{90EB3184-D168-43A2-9663-58334F4F108F}.Release|Any CPU.Build.0 = Release|Any CPU
		{076741E2-4702-45F8-8CAF-71EC86C4F1EB}.Debug|Any CPU.ActiveCfg = Debug|Any CPU
		{076741E2-4702-45F8-8CAF-71EC86C4F1EB}.Debug|Any CPU.Build.0 = Debug|Any CPU
		{076741E2-4702-45F8-8CAF-71EC86C4F1EB}.Release|Any CPU.ActiveCfg = Release|Any CPU
		{076741E2-4702-45F8-8CAF-71EC86C4F1EB}.Release|Any CPU.Build.0 = Release|Any CPU
		{2C25BF28-565D-479F-B7D1-8566DCFD271A}.Debug|Any CPU.ActiveCfg = Debug|Any CPU
		{2C25BF28-565D-479F-B7D1-8566DCFD271A}.Debug|Any CPU.Build.0 = Debug|Any CPU
		{2C25BF28-565D-479F-B7D1-8566DCFD271A}.Release|Any CPU.ActiveCfg = Release|Any CPU
		{2C25BF28-565D-479F-B7D1-8566DCFD271A}.Release|Any CPU.Build.0 = Release|Any CPU
		{EF4AF97B-AE4B-4A1A-9E48-E02891882A44}.Debug|Any CPU.ActiveCfg = Debug|Any CPU
		{EF4AF97B-AE4B-4A1A-9E48-E02891882A44}.Debug|Any CPU.Build.0 = Debug|Any CPU
		{EF4AF97B-AE4B-4A1A-9E48-E02891882A44}.Release|Any CPU.ActiveCfg = Release|Any CPU
		{EF4AF97B-AE4B-4A1A-9E48-E02891882A44}.Release|Any CPU.Build.0 = Release|Any CPU
		{AAEB4D4E-553A-4F7C-A91D-90507B15BFC3}.Debug|Any CPU.ActiveCfg = Debug|Any CPU
		{AAEB4D4E-553A-4F7C-A91D-90507B15BFC3}.Debug|Any CPU.Build.0 = Debug|Any CPU
		{AAEB4D4E-553A-4F7C-A91D-90507B15BFC3}.Release|Any CPU.ActiveCfg = Release|Any CPU
		{AAEB4D4E-553A-4F7C-A91D-90507B15BFC3}.Release|Any CPU.Build.0 = Release|Any CPU
		{0F8852BA-9BDF-4205-8F44-1BF9D8A4D39E}.Debug|Any CPU.ActiveCfg = Debug|Any CPU
		{0F8852BA-9BDF-4205-8F44-1BF9D8A4D39E}.Debug|Any CPU.Build.0 = Debug|Any CPU
		{0F8852BA-9BDF-4205-8F44-1BF9D8A4D39E}.Release|Any CPU.ActiveCfg = Release|Any CPU
		{0F8852BA-9BDF-4205-8F44-1BF9D8A4D39E}.Release|Any CPU.Build.0 = Release|Any CPU
		{8D4E2A6B-F2E9-4E0E-AF53-C9D89F0AC785}.Debug|Any CPU.ActiveCfg = Debug|Any CPU
		{8D4E2A6B-F2E9-4E0E-AF53-C9D89F0AC785}.Debug|Any CPU.Build.0 = Debug|Any CPU
		{8D4E2A6B-F2E9-4E0E-AF53-C9D89F0AC785}.Release|Any CPU.ActiveCfg = Release|Any CPU
		{8D4E2A6B-F2E9-4E0E-AF53-C9D89F0AC785}.Release|Any CPU.Build.0 = Release|Any CPU
		{E7CA6135-7BD7-482B-ADFF-A6109F69167E}.Debug|Any CPU.ActiveCfg = Debug|Any CPU
		{E7CA6135-7BD7-482B-ADFF-A6109F69167E}.Debug|Any CPU.Build.0 = Debug|Any CPU
		{E7CA6135-7BD7-482B-ADFF-A6109F69167E}.Release|Any CPU.ActiveCfg = Release|Any CPU
		{E7CA6135-7BD7-482B-ADFF-A6109F69167E}.Release|Any CPU.Build.0 = Release|Any CPU
		{A9008BB9-0DEC-4E12-BD4F-B77D7B8628D3}.Debug|Any CPU.ActiveCfg = Debug|Any CPU
		{A9008BB9-0DEC-4E12-BD4F-B77D7B8628D3}.Debug|Any CPU.Build.0 = Debug|Any CPU
		{A9008BB9-0DEC-4E12-BD4F-B77D7B8628D3}.Release|Any CPU.ActiveCfg = Release|Any CPU
		{A9008BB9-0DEC-4E12-BD4F-B77D7B8628D3}.Release|Any CPU.Build.0 = Release|Any CPU
	EndGlobalSection
	GlobalSection(SolutionProperties) = preSolution
		HideSolutionNode = FALSE
	EndGlobalSection
	GlobalSection(NestedProjects) = preSolution
		{CD63CF39-40A9-493E-86A3-A07BA7F72373} = {5903DBAD-275A-48B4-8E88-941195284446}
		{0914CDF6-A20E-48B6-9807-04A38D3D6CD1} = {5903DBAD-275A-48B4-8E88-941195284446}
		{981B8737-B77F-4629-951C-B2ADDBC4FC22} = {5903DBAD-275A-48B4-8E88-941195284446}
		{DDF9A38D-0B97-4E0B-919D-C73F4EE8EC71} = {5903DBAD-275A-48B4-8E88-941195284446}
		{FDF55860-EC99-4E22-9BEF-139CE4070145} = {5903DBAD-275A-48B4-8E88-941195284446}
		{90EB3184-D168-43A2-9663-58334F4F108F} = {5903DBAD-275A-48B4-8E88-941195284446}
		{076741E2-4702-45F8-8CAF-71EC86C4F1EB} = {3956E643-0593-45CD-B6C8-41BF2CEB4642}
		{2C25BF28-565D-479F-B7D1-8566DCFD271A} = {3956E643-0593-45CD-B6C8-41BF2CEB4642}
		{EF4AF97B-AE4B-4A1A-9E48-E02891882A44} = {3956E643-0593-45CD-B6C8-41BF2CEB4642}
		{AAEB4D4E-553A-4F7C-A91D-90507B15BFC3} = {3956E643-0593-45CD-B6C8-41BF2CEB4642}
		{0F8852BA-9BDF-4205-8F44-1BF9D8A4D39E} = {3956E643-0593-45CD-B6C8-41BF2CEB4642}
		{8D4E2A6B-F2E9-4E0E-AF53-C9D89F0AC785} = {3956E643-0593-45CD-B6C8-41BF2CEB4642}
	EndGlobalSection
	GlobalSection(ExtensibilityGlobals) = postSolution
		SolutionGuid = {7CFC94FF-AD17-42A0-87D3-0789648C1C86}
	EndGlobalSection
EndGlobal
