
Microsoft Visual Studio Solution File, Format Version 12.00
# Visual Studio 15
VisualStudioVersion = 15.0.27428.2043
MinimumVisualStudioVersion = 10.0.40219.1
Project("{FAE04EC0-301F-11D3-BF4B-00C04F79EFBC}") = "ServisYonetimPanel.Api.ConsoleApp", "ServisYonetimPanel.Api.ConsoleApp\ServisYonetimPanel.Api.ConsoleApp.csproj", "{AC8E34AB-F629-4D6E-B0FE-9F8551520271}"
EndProject
Project("{FAE04EC0-301F-11D3-BF4B-00C04F79EFBC}") = "ServisYonetimPanel.Models", "ServisYonetimPanel.Models\ServisYonetimPanel.Models.csproj", "{759B83DE-7011-48C0-A307-7C4331F0C43D}"
EndProject
Project("{FAE04EC0-301F-11D3-BF4B-00C04F79EFBC}") = "ServisYonetimPanel.Contracts", "ServisYonetimPanel.Contracts\ServisYonetimPanel.Contracts.csproj", "{61F35F80-6CAD-4AC2-A0A2-5ADC051878A4}"
EndProject
Project("{FAE04EC0-301F-11D3-BF4B-00C04F79EFBC}") = "ServisYonetimPanel.Business", "ServisYonetimPanel.Business\ServisYonetimPanel.Business.csproj", "{D86D15CC-D9B0-49A7-9A42-6D4A5860CC3D}"
EndProject
Project("{FAE04EC0-301F-11D3-BF4B-00C04F79EFBC}") = "ServisYonetimPanel.Data", "ServisYonetimPanel.Data\ServisYonetimPanel.Data.csproj", "{57C130C6-6806-4055-AA86-A23BDAA076A7}"
EndProject
Project("{FAE04EC0-301F-11D3-BF4B-00C04F79EFBC}") = "ServisYonetimPanel.Business.Generic", "ServisYonetimPanel.Business.Generic\ServisYonetimPanel.Business.Generic.csproj", "{7C14399C-2418-430E-9CDF-14A779104946}"
EndProject
Project("{FAE04EC0-301F-11D3-BF4B-00C04F79EFBC}") = "ServisYonetimPanel.Command", "ServisYonetimPanel.Command\ServisYonetimPanel.Command.csproj", "{1BEF625E-2938-4CEE-B587-9D415F8F0EC7}"
EndProject
Project("{9A19103F-16F7-4668-BE54-9A1E7A4F7556}") = "ServisYonetimPanel.Core.Web.API", "ServisYonetimPanel.Core.Web.API\ServisYonetimPanel.Core.Web.API.csproj", "{0A52EE6D-94A1-4930-91E1-6A80A872BBD9}"
EndProject
Project("{FAE04EC0-301F-11D3-BF4B-00C04F79EFBC}") = "Syp.Command.Core", "Syp.Command.Core\Syp.Command.Core.csproj", "{2B54B980-CDEB-47B9-ADB3-4E193362B8AA}"
EndProject
Project("{FAE04EC0-301F-11D3-BF4B-00C04F79EFBC}") = "Syp.Command.Base", "Syp.Command.Base\Syp.Command.Base.csproj", "{DCCF1F33-C51D-4E2E-B991-6199C8EC487E}"
EndProject
Project("{FAE04EC0-301F-11D3-BF4B-00C04F79EFBC}") = "Syp.CommandHandler.Core", "Syp.CommandHandler.Core\Syp.CommandHandler.Core.csproj", "{A21A6666-A331-475D-A24C-A4E5AC4216B0}"
EndProject
Project("{FAE04EC0-301F-11D3-BF4B-00C04F79EFBC}") = "Syp.CommandHandler.Base", "Syp.CommandHandler.Base\Syp.CommandHandler.Base.csproj", "{4CB9B49F-52DE-48FA-863B-C9F006ECB858}"
EndProject
Project("{FAE04EC0-301F-11D3-BF4B-00C04F79EFBC}") = "Syp.Command", "Syp.Command\Syp.Command.csproj", "{02F9A5A4-71E4-491B-B0A1-0DEE93BF98AC}"
EndProject
Project("{FAE04EC0-301F-11D3-BF4B-00C04F79EFBC}") = "Syp.Query", "Syp.Query\Syp.Query.csproj", "{BFA34156-8F0C-4258-A16E-C133E839DED9}"
EndProject
Project("{FAE04EC0-301F-11D3-BF4B-00C04F79EFBC}") = "Syp.Command.Handlers", "Syp.Command.Handlers\Syp.Command.Handlers.csproj", "{4CD7B7E7-1104-477F-9FF2-4632728E410B}"
EndProject
Project("{FAE04EC0-301F-11D3-BF4B-00C04F79EFBC}") = "Syp.CommandHandler.Factory", "Syp.CommandHandler.Factory\Syp.CommandHandler.Factory.csproj", "{A89B9ED0-C79D-4385-A96C-945CD7FF980E}"
EndProject
Project("{2150E333-8FDC-42A3-9474-1A3956D46DE8}") = "ExternalDlls", "ExternalDlls", "{748F0DC8-89B3-4332-BEFA-7319A0EC3799}"
EndProject
Project("{FAE04EC0-301F-11D3-BF4B-00C04F79EFBC}") = "Syp.Query.Core", "Syp.Query.Core\Syp.Query.Core.csproj", "{8D780D81-A194-4D74-890D-31EFCA3755D2}"
EndProject
Project("{FAE04EC0-301F-11D3-BF4B-00C04F79EFBC}") = "Syp.QueryHandler.Core", "Syp.QueryHandler.Core\Syp.QueryHandler.Core.csproj", "{D72246D7-78FB-457A-8EEE-2360FBE9B326}"
EndProject
Project("{FAE04EC0-301F-11D3-BF4B-00C04F79EFBC}") = "Syp.QueryHandler.Base", "Syp.QueryHandler.Base\Syp.QueryHandler.Base.csproj", "{D525D2EF-AE21-431D-A49B-3922721EACDA}"
EndProject
Project("{FAE04EC0-301F-11D3-BF4B-00C04F79EFBC}") = "Syp.Command.Bus.Core", "Syp.Command.Bus.Core\Syp.Command.Bus.Core.csproj", "{B89371F3-1ED4-4C38-AD8D-B6C6AE911164}"
EndProject
Project("{FAE04EC0-301F-11D3-BF4B-00C04F79EFBC}") = "Syp.Command.Bus", "Syp.Command.Bus\Syp.Command.Bus.csproj", "{6E39FA18-EADF-4A97-9EEC-95D1A303E0D3}"
EndProject
Project("{2150E333-8FDC-42A3-9474-1A3956D46DE8}") = "PgSqlScripts", "PgSqlScripts", "{653B9A32-6A0C-4A84-9526-568C3E4AE607}"
	ProjectSection(SolutionItems) = preProject
		PgSqlScripts\add_standart_columns.sql = PgSqlScripts\add_standart_columns.sql
		PgSqlScripts\service create script.sql = PgSqlScripts\service create script.sql
		PgSqlScripts\service_detail create script.sql = PgSqlScripts\service_detail create script.sql
		PgSqlScripts\service_detail_type create script.sql = PgSqlScripts\service_detail_type create script.sql
		PgSqlScripts\service_user create script.sql = PgSqlScripts\service_user create script.sql
	EndProjectSection
EndProject
Project("{FAE04EC0-301F-11D3-BF4B-00C04F79EFBC}") = "Syp.Entity", "Syp.Entity\Syp.Entity.csproj", "{82F73E9E-5353-419E-8313-2810C364D703}"
EndProject
Project("{FAE04EC0-301F-11D3-BF4B-00C04F79EFBC}") = "Syp.CommandHandlers.TestApp", "Syp.CommandHandlers.TestApp\Syp.CommandHandlers.TestApp.csproj", "{D2638022-A14E-4453-BEC9-56C69DE6B792}"
EndProject
Project("{FAE04EC0-301F-11D3-BF4B-00C04F79EFBC}") = "SimpleInfra.Common.Extensions", "..\..\..\..\SI.Extensions.Repo\SI.Extensions.Repo.Soln\SimpleInfra.Common.Extensions\SimpleInfra.Common.Extensions.csproj", "{439E5314-5CD3-494F-A948-68C8D3FD94EC}"
EndProject
Project("{FAE04EC0-301F-11D3-BF4B-00C04F79EFBC}") = "SimpleInfra.Data.Extensions", "..\..\..\..\SI.Extensions.Repo\SI.Extensions.Repo.Soln\SimpleInfra.Data.Extensions\SimpleInfra.Data.Extensions.csproj", "{D7EB06B3-BDAB-4847-ABF0-3CD6DCCA3EEA}"
EndProject
Project("{FAE04EC0-301F-11D3-BF4B-00C04F79EFBC}") = "SimpleInfra.Crud.Extensions", "..\..\..\..\SI.Crud.Extensions.Repo\SI.Crud.Extensions.Repo\SimpleInfra.Crud.Extensions\SimpleInfra.Crud.Extensions.csproj", "{185872F6-6F49-4DC6-B939-10FCC8E04AA7}"
EndProject
Project("{FAE04EC0-301F-11D3-BF4B-00C04F79EFBC}") = "Syp.IoC", "Syp.IoC\Syp.IoC.csproj", "{3D10CF86-60B6-4E6D-9CC4-25ECABE212E1}"
EndProject
Project("{FAE04EC0-301F-11D3-BF4B-00C04F79EFBC}") = "Syp.Query.Bus.Core", "Syp.Query.Bus.Core\Syp.Query.Bus.Core.csproj", "{D3F1FFB1-C474-4C34-A577-A6D311AA25A3}"
EndProject
Project("{FAE04EC0-301F-11D3-BF4B-00C04F79EFBC}") = "Syp.Query.Bus", "Syp.Query.Bus\Syp.Query.Bus.csproj", "{B7CAB491-A430-47C2-8BA3-EA79C6D9C871}"
EndProject
Project("{FAE04EC0-301F-11D3-BF4B-00C04F79EFBC}") = "Syp.QueryHandler.Factory", "Syp.QueryHandler.Factory\Syp.QueryHandler.Factory.csproj", "{9B554644-8C4C-461B-97F3-CCFBE91DCBA2}"
EndProject
Global
	GlobalSection(SolutionConfigurationPlatforms) = preSolution
		Debug|Any CPU = Debug|Any CPU
		Release|Any CPU = Release|Any CPU
	EndGlobalSection
	GlobalSection(ProjectConfigurationPlatforms) = postSolution
		{AC8E34AB-F629-4D6E-B0FE-9F8551520271}.Debug|Any CPU.ActiveCfg = Debug|Any CPU
		{AC8E34AB-F629-4D6E-B0FE-9F8551520271}.Debug|Any CPU.Build.0 = Debug|Any CPU
		{AC8E34AB-F629-4D6E-B0FE-9F8551520271}.Release|Any CPU.ActiveCfg = Release|Any CPU
		{AC8E34AB-F629-4D6E-B0FE-9F8551520271}.Release|Any CPU.Build.0 = Release|Any CPU
		{759B83DE-7011-48C0-A307-7C4331F0C43D}.Debug|Any CPU.ActiveCfg = Debug|Any CPU
		{759B83DE-7011-48C0-A307-7C4331F0C43D}.Debug|Any CPU.Build.0 = Debug|Any CPU
		{759B83DE-7011-48C0-A307-7C4331F0C43D}.Release|Any CPU.ActiveCfg = Release|Any CPU
		{759B83DE-7011-48C0-A307-7C4331F0C43D}.Release|Any CPU.Build.0 = Release|Any CPU
		{61F35F80-6CAD-4AC2-A0A2-5ADC051878A4}.Debug|Any CPU.ActiveCfg = Debug|Any CPU
		{61F35F80-6CAD-4AC2-A0A2-5ADC051878A4}.Debug|Any CPU.Build.0 = Debug|Any CPU
		{61F35F80-6CAD-4AC2-A0A2-5ADC051878A4}.Release|Any CPU.ActiveCfg = Release|Any CPU
		{61F35F80-6CAD-4AC2-A0A2-5ADC051878A4}.Release|Any CPU.Build.0 = Release|Any CPU
		{D86D15CC-D9B0-49A7-9A42-6D4A5860CC3D}.Debug|Any CPU.ActiveCfg = Debug|Any CPU
		{D86D15CC-D9B0-49A7-9A42-6D4A5860CC3D}.Debug|Any CPU.Build.0 = Debug|Any CPU
		{D86D15CC-D9B0-49A7-9A42-6D4A5860CC3D}.Release|Any CPU.ActiveCfg = Release|Any CPU
		{D86D15CC-D9B0-49A7-9A42-6D4A5860CC3D}.Release|Any CPU.Build.0 = Release|Any CPU
		{57C130C6-6806-4055-AA86-A23BDAA076A7}.Debug|Any CPU.ActiveCfg = Debug|Any CPU
		{57C130C6-6806-4055-AA86-A23BDAA076A7}.Debug|Any CPU.Build.0 = Debug|Any CPU
		{57C130C6-6806-4055-AA86-A23BDAA076A7}.Release|Any CPU.ActiveCfg = Release|Any CPU
		{57C130C6-6806-4055-AA86-A23BDAA076A7}.Release|Any CPU.Build.0 = Release|Any CPU
		{7C14399C-2418-430E-9CDF-14A779104946}.Debug|Any CPU.ActiveCfg = Debug|Any CPU
		{7C14399C-2418-430E-9CDF-14A779104946}.Debug|Any CPU.Build.0 = Debug|Any CPU
		{7C14399C-2418-430E-9CDF-14A779104946}.Release|Any CPU.ActiveCfg = Release|Any CPU
		{7C14399C-2418-430E-9CDF-14A779104946}.Release|Any CPU.Build.0 = Release|Any CPU
		{1BEF625E-2938-4CEE-B587-9D415F8F0EC7}.Debug|Any CPU.ActiveCfg = Debug|Any CPU
		{1BEF625E-2938-4CEE-B587-9D415F8F0EC7}.Debug|Any CPU.Build.0 = Debug|Any CPU
		{1BEF625E-2938-4CEE-B587-9D415F8F0EC7}.Release|Any CPU.ActiveCfg = Release|Any CPU
		{1BEF625E-2938-4CEE-B587-9D415F8F0EC7}.Release|Any CPU.Build.0 = Release|Any CPU
		{0A52EE6D-94A1-4930-91E1-6A80A872BBD9}.Debug|Any CPU.ActiveCfg = Debug|Any CPU
		{0A52EE6D-94A1-4930-91E1-6A80A872BBD9}.Debug|Any CPU.Build.0 = Debug|Any CPU
		{0A52EE6D-94A1-4930-91E1-6A80A872BBD9}.Release|Any CPU.ActiveCfg = Release|Any CPU
		{0A52EE6D-94A1-4930-91E1-6A80A872BBD9}.Release|Any CPU.Build.0 = Release|Any CPU
		{2B54B980-CDEB-47B9-ADB3-4E193362B8AA}.Debug|Any CPU.ActiveCfg = Debug|Any CPU
		{2B54B980-CDEB-47B9-ADB3-4E193362B8AA}.Debug|Any CPU.Build.0 = Debug|Any CPU
		{2B54B980-CDEB-47B9-ADB3-4E193362B8AA}.Release|Any CPU.ActiveCfg = Release|Any CPU
		{2B54B980-CDEB-47B9-ADB3-4E193362B8AA}.Release|Any CPU.Build.0 = Release|Any CPU
		{DCCF1F33-C51D-4E2E-B991-6199C8EC487E}.Debug|Any CPU.ActiveCfg = Debug|Any CPU
		{DCCF1F33-C51D-4E2E-B991-6199C8EC487E}.Debug|Any CPU.Build.0 = Debug|Any CPU
		{DCCF1F33-C51D-4E2E-B991-6199C8EC487E}.Release|Any CPU.ActiveCfg = Release|Any CPU
		{DCCF1F33-C51D-4E2E-B991-6199C8EC487E}.Release|Any CPU.Build.0 = Release|Any CPU
		{A21A6666-A331-475D-A24C-A4E5AC4216B0}.Debug|Any CPU.ActiveCfg = Debug|Any CPU
		{A21A6666-A331-475D-A24C-A4E5AC4216B0}.Debug|Any CPU.Build.0 = Debug|Any CPU
		{A21A6666-A331-475D-A24C-A4E5AC4216B0}.Release|Any CPU.ActiveCfg = Release|Any CPU
		{A21A6666-A331-475D-A24C-A4E5AC4216B0}.Release|Any CPU.Build.0 = Release|Any CPU
		{4CB9B49F-52DE-48FA-863B-C9F006ECB858}.Debug|Any CPU.ActiveCfg = Debug|Any CPU
		{4CB9B49F-52DE-48FA-863B-C9F006ECB858}.Debug|Any CPU.Build.0 = Debug|Any CPU
		{4CB9B49F-52DE-48FA-863B-C9F006ECB858}.Release|Any CPU.ActiveCfg = Release|Any CPU
		{4CB9B49F-52DE-48FA-863B-C9F006ECB858}.Release|Any CPU.Build.0 = Release|Any CPU
		{02F9A5A4-71E4-491B-B0A1-0DEE93BF98AC}.Debug|Any CPU.ActiveCfg = Debug|Any CPU
		{02F9A5A4-71E4-491B-B0A1-0DEE93BF98AC}.Debug|Any CPU.Build.0 = Debug|Any CPU
		{02F9A5A4-71E4-491B-B0A1-0DEE93BF98AC}.Release|Any CPU.ActiveCfg = Release|Any CPU
		{02F9A5A4-71E4-491B-B0A1-0DEE93BF98AC}.Release|Any CPU.Build.0 = Release|Any CPU
		{BFA34156-8F0C-4258-A16E-C133E839DED9}.Debug|Any CPU.ActiveCfg = Debug|Any CPU
		{BFA34156-8F0C-4258-A16E-C133E839DED9}.Debug|Any CPU.Build.0 = Debug|Any CPU
		{BFA34156-8F0C-4258-A16E-C133E839DED9}.Release|Any CPU.ActiveCfg = Release|Any CPU
		{BFA34156-8F0C-4258-A16E-C133E839DED9}.Release|Any CPU.Build.0 = Release|Any CPU
		{4CD7B7E7-1104-477F-9FF2-4632728E410B}.Debug|Any CPU.ActiveCfg = Debug|Any CPU
		{4CD7B7E7-1104-477F-9FF2-4632728E410B}.Debug|Any CPU.Build.0 = Debug|Any CPU
		{4CD7B7E7-1104-477F-9FF2-4632728E410B}.Release|Any CPU.ActiveCfg = Release|Any CPU
		{4CD7B7E7-1104-477F-9FF2-4632728E410B}.Release|Any CPU.Build.0 = Release|Any CPU
		{A89B9ED0-C79D-4385-A96C-945CD7FF980E}.Debug|Any CPU.ActiveCfg = Debug|Any CPU
		{A89B9ED0-C79D-4385-A96C-945CD7FF980E}.Debug|Any CPU.Build.0 = Debug|Any CPU
		{A89B9ED0-C79D-4385-A96C-945CD7FF980E}.Release|Any CPU.ActiveCfg = Release|Any CPU
		{A89B9ED0-C79D-4385-A96C-945CD7FF980E}.Release|Any CPU.Build.0 = Release|Any CPU
		{8D780D81-A194-4D74-890D-31EFCA3755D2}.Debug|Any CPU.ActiveCfg = Debug|Any CPU
		{8D780D81-A194-4D74-890D-31EFCA3755D2}.Debug|Any CPU.Build.0 = Debug|Any CPU
		{8D780D81-A194-4D74-890D-31EFCA3755D2}.Release|Any CPU.ActiveCfg = Release|Any CPU
		{8D780D81-A194-4D74-890D-31EFCA3755D2}.Release|Any CPU.Build.0 = Release|Any CPU
		{D72246D7-78FB-457A-8EEE-2360FBE9B326}.Debug|Any CPU.ActiveCfg = Debug|Any CPU
		{D72246D7-78FB-457A-8EEE-2360FBE9B326}.Debug|Any CPU.Build.0 = Debug|Any CPU
		{D72246D7-78FB-457A-8EEE-2360FBE9B326}.Release|Any CPU.ActiveCfg = Release|Any CPU
		{D72246D7-78FB-457A-8EEE-2360FBE9B326}.Release|Any CPU.Build.0 = Release|Any CPU
		{D525D2EF-AE21-431D-A49B-3922721EACDA}.Debug|Any CPU.ActiveCfg = Debug|Any CPU
		{D525D2EF-AE21-431D-A49B-3922721EACDA}.Debug|Any CPU.Build.0 = Debug|Any CPU
		{D525D2EF-AE21-431D-A49B-3922721EACDA}.Release|Any CPU.ActiveCfg = Release|Any CPU
		{D525D2EF-AE21-431D-A49B-3922721EACDA}.Release|Any CPU.Build.0 = Release|Any CPU
		{B89371F3-1ED4-4C38-AD8D-B6C6AE911164}.Debug|Any CPU.ActiveCfg = Debug|Any CPU
		{B89371F3-1ED4-4C38-AD8D-B6C6AE911164}.Debug|Any CPU.Build.0 = Debug|Any CPU
		{B89371F3-1ED4-4C38-AD8D-B6C6AE911164}.Release|Any CPU.ActiveCfg = Release|Any CPU
		{B89371F3-1ED4-4C38-AD8D-B6C6AE911164}.Release|Any CPU.Build.0 = Release|Any CPU
		{6E39FA18-EADF-4A97-9EEC-95D1A303E0D3}.Debug|Any CPU.ActiveCfg = Debug|Any CPU
		{6E39FA18-EADF-4A97-9EEC-95D1A303E0D3}.Debug|Any CPU.Build.0 = Debug|Any CPU
		{6E39FA18-EADF-4A97-9EEC-95D1A303E0D3}.Release|Any CPU.ActiveCfg = Release|Any CPU
		{6E39FA18-EADF-4A97-9EEC-95D1A303E0D3}.Release|Any CPU.Build.0 = Release|Any CPU
		{82F73E9E-5353-419E-8313-2810C364D703}.Debug|Any CPU.ActiveCfg = Debug|Any CPU
		{82F73E9E-5353-419E-8313-2810C364D703}.Debug|Any CPU.Build.0 = Debug|Any CPU
		{82F73E9E-5353-419E-8313-2810C364D703}.Release|Any CPU.ActiveCfg = Release|Any CPU
		{82F73E9E-5353-419E-8313-2810C364D703}.Release|Any CPU.Build.0 = Release|Any CPU
		{D2638022-A14E-4453-BEC9-56C69DE6B792}.Debug|Any CPU.ActiveCfg = Debug|Any CPU
		{D2638022-A14E-4453-BEC9-56C69DE6B792}.Debug|Any CPU.Build.0 = Debug|Any CPU
		{D2638022-A14E-4453-BEC9-56C69DE6B792}.Release|Any CPU.ActiveCfg = Release|Any CPU
		{D2638022-A14E-4453-BEC9-56C69DE6B792}.Release|Any CPU.Build.0 = Release|Any CPU
		{439E5314-5CD3-494F-A948-68C8D3FD94EC}.Debug|Any CPU.ActiveCfg = Debug|Any CPU
		{439E5314-5CD3-494F-A948-68C8D3FD94EC}.Debug|Any CPU.Build.0 = Debug|Any CPU
		{439E5314-5CD3-494F-A948-68C8D3FD94EC}.Release|Any CPU.ActiveCfg = Release|Any CPU
		{439E5314-5CD3-494F-A948-68C8D3FD94EC}.Release|Any CPU.Build.0 = Release|Any CPU
		{D7EB06B3-BDAB-4847-ABF0-3CD6DCCA3EEA}.Debug|Any CPU.ActiveCfg = Debug|Any CPU
		{D7EB06B3-BDAB-4847-ABF0-3CD6DCCA3EEA}.Debug|Any CPU.Build.0 = Debug|Any CPU
		{D7EB06B3-BDAB-4847-ABF0-3CD6DCCA3EEA}.Release|Any CPU.ActiveCfg = Release|Any CPU
		{D7EB06B3-BDAB-4847-ABF0-3CD6DCCA3EEA}.Release|Any CPU.Build.0 = Release|Any CPU
		{185872F6-6F49-4DC6-B939-10FCC8E04AA7}.Debug|Any CPU.ActiveCfg = Debug|Any CPU
		{185872F6-6F49-4DC6-B939-10FCC8E04AA7}.Debug|Any CPU.Build.0 = Debug|Any CPU
		{185872F6-6F49-4DC6-B939-10FCC8E04AA7}.Release|Any CPU.ActiveCfg = Release|Any CPU
		{185872F6-6F49-4DC6-B939-10FCC8E04AA7}.Release|Any CPU.Build.0 = Release|Any CPU
		{3D10CF86-60B6-4E6D-9CC4-25ECABE212E1}.Debug|Any CPU.ActiveCfg = Debug|Any CPU
		{3D10CF86-60B6-4E6D-9CC4-25ECABE212E1}.Debug|Any CPU.Build.0 = Debug|Any CPU
		{3D10CF86-60B6-4E6D-9CC4-25ECABE212E1}.Release|Any CPU.ActiveCfg = Release|Any CPU
		{3D10CF86-60B6-4E6D-9CC4-25ECABE212E1}.Release|Any CPU.Build.0 = Release|Any CPU
		{D3F1FFB1-C474-4C34-A577-A6D311AA25A3}.Debug|Any CPU.ActiveCfg = Debug|Any CPU
		{D3F1FFB1-C474-4C34-A577-A6D311AA25A3}.Debug|Any CPU.Build.0 = Debug|Any CPU
		{D3F1FFB1-C474-4C34-A577-A6D311AA25A3}.Release|Any CPU.ActiveCfg = Release|Any CPU
		{D3F1FFB1-C474-4C34-A577-A6D311AA25A3}.Release|Any CPU.Build.0 = Release|Any CPU
		{B7CAB491-A430-47C2-8BA3-EA79C6D9C871}.Debug|Any CPU.ActiveCfg = Debug|Any CPU
		{B7CAB491-A430-47C2-8BA3-EA79C6D9C871}.Debug|Any CPU.Build.0 = Debug|Any CPU
		{B7CAB491-A430-47C2-8BA3-EA79C6D9C871}.Release|Any CPU.ActiveCfg = Release|Any CPU
		{B7CAB491-A430-47C2-8BA3-EA79C6D9C871}.Release|Any CPU.Build.0 = Release|Any CPU
		{9B554644-8C4C-461B-97F3-CCFBE91DCBA2}.Debug|Any CPU.ActiveCfg = Debug|Any CPU
		{9B554644-8C4C-461B-97F3-CCFBE91DCBA2}.Debug|Any CPU.Build.0 = Debug|Any CPU
		{9B554644-8C4C-461B-97F3-CCFBE91DCBA2}.Release|Any CPU.ActiveCfg = Release|Any CPU
		{9B554644-8C4C-461B-97F3-CCFBE91DCBA2}.Release|Any CPU.Build.0 = Release|Any CPU
	EndGlobalSection
	GlobalSection(SolutionProperties) = preSolution
		HideSolutionNode = FALSE
	EndGlobalSection
	GlobalSection(ExtensibilityGlobals) = postSolution
		SolutionGuid = {7CFC94FF-AD17-42A0-87D3-0789648C1C86}
	EndGlobalSection
EndGlobal
